
Microsoft Visual Studio Solution File, Format Version 12.00
# Visual Studio Version 17
VisualStudioVersion = 17.4.33103.184
MinimumVisualStudioVersion = 10.0.40219.1
Project("{FAE04EC0-301F-11D3-BF4B-00C04F79EFBC}") = "01LINQ_TO_SQL_FORM", "01LINQ_TO_SQL_FORM\01LINQ_TO_SQL_FORM.csproj", "{FEF06EDF-ABDB-42A1-951E-DE1F8BBB9D9B}"
EndProject
Project("{FAE04EC0-301F-11D3-BF4B-00C04F79EFBC}") = "02LINQ_TO_SQL_FORM", "02LINQ_TO_SQL_FORM\02LINQ_TO_SQL_FORM.csproj", "{E4619F2F-3A64-40C9-85ED-F3F7D23DB1CC}"
EndProject
Project("{FAE04EC0-301F-11D3-BF4B-00C04F79EFBC}") = "03LINQ_TO_SQL_FORM_PRACTICA_01", "03LINQ_TO_SQL_FORM_PRACTICA_01\03LINQ_TO_SQL_FORM_PRACTICA_01.csproj", "{8D7E6404-0CA4-4190-8D7A-7192D30747EC}"
EndProject
Project("{FAE04EC0-301F-11D3-BF4B-00C04F79EFBC}") = "04LINQ_TO_SQL_FORM_UN_REGISTRO", "04LINQ_TO_SQL_FORM_UN_REGISTRO\04LINQ_TO_SQL_FORM_UN_REGISTRO.csproj", "{FC49AF66-6F84-4374-B439-342C2F248A19}"
EndProject
Project("{FAE04EC0-301F-11D3-BF4B-00C04F79EFBC}") = "05LINQ_TO_SQL_DEPT_EMP_PRACTICA_02", "05LINQ_TO_SQL_DEPT_EMP_PRACTICA_02\05LINQ_TO_SQL_DEPT_EMP_PRACTICA_02.csproj", "{EEE0A184-763F-4495-98AB-B75676AF5E18}"
EndProject
Project("{FAE04EC0-301F-11D3-BF4B-00C04F79EFBC}") = "06LINQ_TO_SQL_FORM_QUERY_ACCIONES_DOCTORES", "06LINQ_TO_SQL_FORM_QUERY_ACCIONES_DOCTORES\06LINQ_TO_SQL_FORM_QUERY_ACCIONES_DOCTORES.csproj", "{9F2127AF-0C5B-414D-9072-41755BDC0D2B}"
EndProject
Project("{FAE04EC0-301F-11D3-BF4B-00C04F79EFBC}") = "07LINQ_TO_SQL_TRABAJAR_FORM_NAV", "07LINQ_TO_SQL_TRABAJAR_FORM_NAV\07LINQ_TO_SQL_TRABAJAR_FORM_NAV.csproj", "{8978E78B-01AD-4164-AA20-77253CF4C768}"
EndProject
Project("{FAE04EC0-301F-11D3-BF4B-00C04F79EFBC}") = "08LINQ_TO_SQL_NAV_CRUD_DB_PLANTILLA_PRACTICA_03", "08LINQ_TO_SQL_NAV_CRUD_DB_PLANTILLA_PRACTICA_03\08LINQ_TO_SQL_NAV_CRUD_DB_PLANTILLA_PRACTICA_03.csproj", "{064CBDD9-A860-4765-9FCB-5C4F59A04420}"
EndProject
Project("{FAE04EC0-301F-11D3-BF4B-00C04F79EFBC}") = "09LINQ_TO_SQL_PROCEDIMIENTOS_ALM_PLANTILLA", "09LINQ_TO_SQL_PROCEDIMIENTOS_ALM_PLANTILLA\09LINQ_TO_SQL_PROCEDIMIENTOS_ALM_PLANTILLA.csproj", "{338FFB12-E1CA-4FD8-A526-32BC32950D7E}"
EndProject
Project("{FAE04EC0-301F-11D3-BF4B-00C04F79EFBC}") = "10LINQ_TO_SQL_PROCEDURE_OUTPUT_PLANTILLA", "10LINQ_TO_SQL_PROCEDURE_OUTPUT_PLANTILLA\10LINQ_TO_SQL_PROCEDURE_OUTPUT_PLANTILLA.csproj", "{E61C9193-963C-4448-A462-73500E7FB6DE}"
EndProject
Project("{FAE04EC0-301F-11D3-BF4B-00C04F79EFBC}") = "11LINQ_TO_SQL_PROCEDURE_OUTPUT_ENFERMO_PRACTICA_04", "11LINQ_TO_SQL_PROCEDURE_OUTPUT_ENFERMO_PRACTICA_04\11LINQ_TO_SQL_PROCEDURE_OUTPUT_ENFERMO_PRACTICA_04.csproj", "{39B5D711-A0CE-4717-8B29-B290E467EDF5}"
EndProject
Project("{FAE04EC0-301F-11D3-BF4B-00C04F79EFBC}") = "12LINQ_TO_OBJECTS_COLECCIONES", "12LINQ_TO_OBJECTS_COLECCIONES\12LINQ_TO_OBJECTS_COLECCIONES.csproj", "{DA58CDCE-374D-4B29-B97F-879CC49F5CD3}"
EndProject
Project("{FAE04EC0-301F-11D3-BF4B-00C04F79EFBC}") = "13LINQ_TO_XML_JOYERIAS", "13LINQ_TO_XML_JOYERIAS\13LINQ_TO_XML_JOYERIAS.csproj", "{A9505BBC-4A8B-4197-BC22-E1CCFCCF8C2D}"
EndProject
Project("{FAE04EC0-301F-11D3-BF4B-00C04F79EFBC}") = "14EJEM_MVC_NET_FRAMEWORK_01", "14EJEM_MVC_NET_FRAMEWORK_01\14EJEM_MVC_NET_FRAMEWORK_01.csproj", "{99DECF9A-11C1-438B-B98A-672265F518DA}"
EndProject
Project("{FAE04EC0-301F-11D3-BF4B-00C04F79EFBC}") = "15EJEM_MVC_NF_LINQ_EMP_DTLIST_02", "15EJEM_MVC_NF_LINQ_EMP_DTLIST_02\15EJEM_MVC_NF_LINQ_EMP_DTLIST_02.csproj", "{B8C3C967-997B-4E20-820F-164B911E76E4}"
EndProject
Project("{FAE04EC0-301F-11D3-BF4B-00C04F79EFBC}") = "16PRACTICA_MVC_NET_FRAMEWORK_HOSPITAL_DOCTOR", "16PRACTICA_MVC_NET_FRAMEWORK_HOSPITAL_DOCTOR\16PRACTICA_MVC_NET_FRAMEWORK_HOSPITAL_DOCTOR.csproj", "{B3216237-55BC-46D3-9A7B-0D44F3BA93F6}"
EndProject
Project("{FAE04EC0-301F-11D3-BF4B-00C04F79EFBC}") = "17EJEM_MVC_NET_FRAME_ADMIN_OBJ_DIFERENTES_VISTAS", "17EJEM_MVC_NET_FRAME_ADMIN_OBJ_DIFERENTES_VISTAS\17EJEM_MVC_NET_FRAME_ADMIN_OBJ_DIFERENTES_VISTAS.csproj", "{1B86161B-C0D5-4BA1-9CE7-A6206EB307E4}"
EndProject
Project("{FAE04EC0-301F-11D3-BF4B-00C04F79EFBC}") = "18PRACTICA_MVC_NET_FRAME_PLANTILLA_POR_HOSPITAL", "18PRACTICA_MVC_NET_FRAME_PLANTILLA_POR_HOSPITAL\18PRACTICA_MVC_NET_FRAME_PLANTILLA_POR_HOSPITAL.csproj", "{7A90F0F2-4B1A-4028-A454-BB7A59D2E961}"
EndProject
Project("{FAE04EC0-301F-11D3-BF4B-00C04F79EFBC}") = "19EJEM_MVC_CRUD_MATENIMIENTO_DEPT", "19EJEM_MVC_CRUD_MATENIMIENTO_DEPT\19EJEM_MVC_CRUD_MATENIMIENTO_DEPT.csproj", "{7152D9FF-27B5-49A7-99C0-B16ABC3618CA}"
EndProject
Project("{FAE04EC0-301F-11D3-BF4B-00C04F79EFBC}") = "20PRACTICA_MVC_CRUD_HOSPITALES", "20PRACTICA_MVC_CRUD_HOSPITALES\20PRACTICA_MVC_CRUD_HOSPITALES.csproj", "{4CCF8D24-F939-453D-A4D6-762A4C19A16D}"
EndProject
Project("{FAE04EC0-301F-11D3-BF4B-00C04F79EFBC}") = "21EJEM_MVC_VISTAR_PARCIAL_JQUERY_AJAX", "21EJEM_MVC_VISTAR_PARCIAL_JQUERY_AJAX\21EJEM_MVC_VISTAR_PARCIAL_JQUERY_AJAX.csproj", "{34492CE3-E3CB-43BD-B368-0F4A55C8C251}"
EndProject
Project("{FAE04EC0-301F-11D3-BF4B-00C04F79EFBC}") = "22PRACTICA_AJAX_VISTAS_PARCIALES_HOSPITALES", "22PRACTICA_AJAX_VISTAS_PARCIALES_HOSPITALES\22PRACTICA_AJAX_VISTAS_PARCIALES_HOSPITALES.csproj", "{D1573281-4E23-4FDC-9CD8-9AA1DD7FB282}"
EndProject
Project("{FAE04EC0-301F-11D3-BF4B-00C04F79EFBC}") = "23_EJEM_IMPLEMENTAR_AJAX_BEGINGFORM_MVC", "23_EJEM_IMPLEMENTAR_AJAX_BEGINGFORM_MVC\23_EJEM_IMPLEMENTAR_AJAX_BEGINGFORM_MVC.csproj", "{2FA769AB-4F26-46F9-9350-B147AECA83B3}"
EndProject
Project("{FAE04EC0-301F-11D3-BF4B-00C04F79EFBC}") = "24EJEM_MVC_HOSPITAL_ENTITY_FRAMEWORK_NET_FRAMEWORK", "24EJEM_MVC_HOSPITAL_ENTITY_FRAMEWORK_NET_FRAMEWORK\24EJEM_MVC_HOSPITAL_ENTITY_FRAMEWORK_NET_FRAMEWORK.csproj", "{54C74C50-0472-4EE7-990F-9FC364828BEA}"
EndProject
Project("{FAE04EC0-301F-11D3-BF4B-00C04F79EFBC}") = "25EEJEM_PLANTILLA_POR_HOSPITAL_AJAX_HIPERVINCULOS", "25EEJEM_PLANTILLA_POR_HOSPITAL_AJAX_HIPERVINCULOS\25EEJEM_PLANTILLA_POR_HOSPITAL_AJAX_HIPERVINCULOS.csproj", "{202B145E-C3BB-4FFF-92C7-DAFE994E6F76}"
EndProject
Project("{FAE04EC0-301F-11D3-BF4B-00C04F79EFBC}") = "26PRACTICA_MVC_EMPLEADOS_POR_OFICIO_AJAX", "26PRACTICA_MVC_EMPLEADOS_POR_OFICIO_AJAX\26PRACTICA_MVC_EMPLEADOS_POR_OFICIO_AJAX.csproj", "{B7B02E2D-11DB-4A07-92D9-9D8E216223D3}"
EndProject
Project("{FAE04EC0-301F-11D3-BF4B-00C04F79EFBC}") = "27EJEM_SESION_CESTA_EMP", "27EJEM_SESION_CESTA_EMP\27EJEM_SESION_CESTA_EMP.csproj", "{C75207DF-8C28-4C0B-AC85-8704489AF020}"
EndProject
Project("{FAE04EC0-301F-11D3-BF4B-00C04F79EFBC}") = "28EJEM_ALMACENAR_EMPLEADO_SESSION_SIMPLE", "28EJEM_ALMACENAR_EMPLEADO_SESSION_SIMPLE\28EJEM_ALMACENAR_EMPLEADO_SESSION_SIMPLE.csproj", "{85C78EA3-FC08-4EF8-A692-5BD183A81740}"
EndProject
Project("{FAE04EC0-301F-11D3-BF4B-00C04F79EFBC}") = "29PRACTICA_SESSION_EMP", "29PRACTICA_SESSION_EMP\29PRACTICA_SESSION_EMP.csproj", "{D79CEE74-936E-4E74-B49C-8ED31F1E90D9}"
EndProject
Project("{FAE04EC0-301F-11D3-BF4B-00C04F79EFBC}") = "30EJEM_PAGINACION_REPASO_", "30EJEM_PAGINACION_REPASO_\30EJEM_PAGINACION_REPASO_.csproj", "{4FBB8C2F-BF41-4DD2-85CD-F392BA674D29}"
EndProject
Project("{FAE04EC0-301F-11D3-BF4B-00C04F79EFBC}") = "31EJEM_SECCIONES_SCRIPTS_MVC_RENDERBODY", "31EJEM_SECCIONES_SCRIPTS_MVC_RENDERBODY\31EJEM_SECCIONES_SCRIPTS_MVC_RENDERBODY.csproj", "{AE25CE9D-3AC6-4287-B6F9-0F439BFDE76C}"
EndProject
Project("{FAE04EC0-301F-11D3-BF4B-00C04F79EFBC}") = "32PRACTICA_CONTROL_MASTER_PAGES", "32PRACTICA_CONTROL_MASTER_PAGES\32PRACTICA_CONTROL_MASTER_PAGES.csproj", "{4994B38F-3C64-4254-A694-9ED5E3A4D429}"
EndProject
Project("{FAE04EC0-301F-11D3-BF4B-00C04F79EFBC}") = "33EJEM_INTERNACIONALIZACION_MVC", "33EJEM_INTERNACIONALIZACION_MVC\33EJEM_INTERNACIONALIZACION_MVC.csproj", "{AD6C44DA-988B-4197-8755-3E86F5B3F900}"
EndProject
Project("{FAE04EC0-301F-11D3-BF4B-00C04F79EFBC}") = "34PRACTICA_INTERNACIONALIZACION_REGISTRO_USUARIO_ES_EN", "34PRACTICA_INTERNACIONALIZACION_REGISTRO_USUARIO_ES_EN\34PRACTICA_INTERNACIONALIZACION_REGISTRO_USUARIO_ES_EN.csproj", "{E0AF4CF7-B7B0-4335-98FB-3FC99E9D5BE9}"
EndProject
Project("{FAE04EC0-301F-11D3-BF4B-00C04F79EFBC}") = "35EJEM_MVC_GENERAR_PDF", "35EJEM_MVC_GENERAR_PDF\35EJEM_MVC_GENERAR_PDF.csproj", "{AB990896-30CC-4BAD-AAEF-DF9CA6A45772}"
EndProject
Project("{FAE04EC0-301F-11D3-BF4B-00C04F79EFBC}") = "36EJEM_MVC_CONTROL_ERRORES", "36EJEM_MVC_CONTROL_ERRORES\36EJEM_MVC_CONTROL_ERRORES.csproj", "{745C74E7-3D2D-4FFA-A6EE-8BEDE78BD3CC}"
EndProject
Project("{FAE04EC0-301F-11D3-BF4B-00C04F79EFBC}") = "37EJEM_SEGURIDAD_AUTOMATICA", "37EJEM_SEGURIDAD_AUTOMATICA\37EJEM_SEGURIDAD_AUTOMATICA.csproj", "{5BFA4F24-9BCB-4127-AB45-FBFD5C5D5480}"
EndProject
Project("{FAE04EC0-301F-11D3-BF4B-00C04F79EFBC}") = "38PRACTICA_ADMIN_OBJETOS_EN_DIFERENTES_VISTAS_SEGURIDAD", "38PRACTICA_ADMIN_OBJETOS_EN_DIFERENTES_VISTAS_SEGURIDAD\38PRACTICA_ADMIN_OBJETOS_EN_DIFERENTES_VISTAS_SEGURIDAD.csproj", "{DEF27E0D-8B03-47D8-B150-F14A77F2FD45}"
EndProject
Global
	GlobalSection(SolutionConfigurationPlatforms) = preSolution
		Debug|Any CPU = Debug|Any CPU
		Release|Any CPU = Release|Any CPU
	EndGlobalSection
	GlobalSection(ProjectConfigurationPlatforms) = postSolution
		{FEF06EDF-ABDB-42A1-951E-DE1F8BBB9D9B}.Debug|Any CPU.ActiveCfg = Debug|Any CPU
		{FEF06EDF-ABDB-42A1-951E-DE1F8BBB9D9B}.Debug|Any CPU.Build.0 = Debug|Any CPU
		{FEF06EDF-ABDB-42A1-951E-DE1F8BBB9D9B}.Release|Any CPU.ActiveCfg = Release|Any CPU
		{FEF06EDF-ABDB-42A1-951E-DE1F8BBB9D9B}.Release|Any CPU.Build.0 = Release|Any CPU
		{E4619F2F-3A64-40C9-85ED-F3F7D23DB1CC}.Debug|Any CPU.ActiveCfg = Debug|Any CPU
		{E4619F2F-3A64-40C9-85ED-F3F7D23DB1CC}.Debug|Any CPU.Build.0 = Debug|Any CPU
		{E4619F2F-3A64-40C9-85ED-F3F7D23DB1CC}.Release|Any CPU.ActiveCfg = Release|Any CPU
		{E4619F2F-3A64-40C9-85ED-F3F7D23DB1CC}.Release|Any CPU.Build.0 = Release|Any CPU
		{8D7E6404-0CA4-4190-8D7A-7192D30747EC}.Debug|Any CPU.ActiveCfg = Debug|Any CPU
		{8D7E6404-0CA4-4190-8D7A-7192D30747EC}.Debug|Any CPU.Build.0 = Debug|Any CPU
		{8D7E6404-0CA4-4190-8D7A-7192D30747EC}.Release|Any CPU.ActiveCfg = Release|Any CPU
		{8D7E6404-0CA4-4190-8D7A-7192D30747EC}.Release|Any CPU.Build.0 = Release|Any CPU
		{FC49AF66-6F84-4374-B439-342C2F248A19}.Debug|Any CPU.ActiveCfg = Debug|Any CPU
		{FC49AF66-6F84-4374-B439-342C2F248A19}.Debug|Any CPU.Build.0 = Debug|Any CPU
		{FC49AF66-6F84-4374-B439-342C2F248A19}.Release|Any CPU.ActiveCfg = Release|Any CPU
		{FC49AF66-6F84-4374-B439-342C2F248A19}.Release|Any CPU.Build.0 = Release|Any CPU
		{EEE0A184-763F-4495-98AB-B75676AF5E18}.Debug|Any CPU.ActiveCfg = Debug|Any CPU
		{EEE0A184-763F-4495-98AB-B75676AF5E18}.Debug|Any CPU.Build.0 = Debug|Any CPU
		{EEE0A184-763F-4495-98AB-B75676AF5E18}.Release|Any CPU.ActiveCfg = Release|Any CPU
		{EEE0A184-763F-4495-98AB-B75676AF5E18}.Release|Any CPU.Build.0 = Release|Any CPU
		{9F2127AF-0C5B-414D-9072-41755BDC0D2B}.Debug|Any CPU.ActiveCfg = Debug|Any CPU
		{9F2127AF-0C5B-414D-9072-41755BDC0D2B}.Debug|Any CPU.Build.0 = Debug|Any CPU
		{9F2127AF-0C5B-414D-9072-41755BDC0D2B}.Release|Any CPU.ActiveCfg = Release|Any CPU
		{9F2127AF-0C5B-414D-9072-41755BDC0D2B}.Release|Any CPU.Build.0 = Release|Any CPU
		{8978E78B-01AD-4164-AA20-77253CF4C768}.Debug|Any CPU.ActiveCfg = Debug|Any CPU
		{8978E78B-01AD-4164-AA20-77253CF4C768}.Debug|Any CPU.Build.0 = Debug|Any CPU
		{8978E78B-01AD-4164-AA20-77253CF4C768}.Release|Any CPU.ActiveCfg = Release|Any CPU
		{8978E78B-01AD-4164-AA20-77253CF4C768}.Release|Any CPU.Build.0 = Release|Any CPU
		{064CBDD9-A860-4765-9FCB-5C4F59A04420}.Debug|Any CPU.ActiveCfg = Debug|Any CPU
		{064CBDD9-A860-4765-9FCB-5C4F59A04420}.Debug|Any CPU.Build.0 = Debug|Any CPU
		{064CBDD9-A860-4765-9FCB-5C4F59A04420}.Release|Any CPU.ActiveCfg = Release|Any CPU
		{064CBDD9-A860-4765-9FCB-5C4F59A04420}.Release|Any CPU.Build.0 = Release|Any CPU
		{338FFB12-E1CA-4FD8-A526-32BC32950D7E}.Debug|Any CPU.ActiveCfg = Debug|Any CPU
		{338FFB12-E1CA-4FD8-A526-32BC32950D7E}.Debug|Any CPU.Build.0 = Debug|Any CPU
		{338FFB12-E1CA-4FD8-A526-32BC32950D7E}.Release|Any CPU.ActiveCfg = Release|Any CPU
		{338FFB12-E1CA-4FD8-A526-32BC32950D7E}.Release|Any CPU.Build.0 = Release|Any CPU
		{E61C9193-963C-4448-A462-73500E7FB6DE}.Debug|Any CPU.ActiveCfg = Debug|Any CPU
		{E61C9193-963C-4448-A462-73500E7FB6DE}.Debug|Any CPU.Build.0 = Debug|Any CPU
		{E61C9193-963C-4448-A462-73500E7FB6DE}.Release|Any CPU.ActiveCfg = Release|Any CPU
		{E61C9193-963C-4448-A462-73500E7FB6DE}.Release|Any CPU.Build.0 = Release|Any CPU
		{39B5D711-A0CE-4717-8B29-B290E467EDF5}.Debug|Any CPU.ActiveCfg = Debug|Any CPU
		{39B5D711-A0CE-4717-8B29-B290E467EDF5}.Debug|Any CPU.Build.0 = Debug|Any CPU
		{39B5D711-A0CE-4717-8B29-B290E467EDF5}.Release|Any CPU.ActiveCfg = Release|Any CPU
		{39B5D711-A0CE-4717-8B29-B290E467EDF5}.Release|Any CPU.Build.0 = Release|Any CPU
		{DA58CDCE-374D-4B29-B97F-879CC49F5CD3}.Debug|Any CPU.ActiveCfg = Debug|Any CPU
		{DA58CDCE-374D-4B29-B97F-879CC49F5CD3}.Debug|Any CPU.Build.0 = Debug|Any CPU
		{DA58CDCE-374D-4B29-B97F-879CC49F5CD3}.Release|Any CPU.ActiveCfg = Release|Any CPU
		{DA58CDCE-374D-4B29-B97F-879CC49F5CD3}.Release|Any CPU.Build.0 = Release|Any CPU
		{A9505BBC-4A8B-4197-BC22-E1CCFCCF8C2D}.Debug|Any CPU.ActiveCfg = Debug|Any CPU
		{A9505BBC-4A8B-4197-BC22-E1CCFCCF8C2D}.Debug|Any CPU.Build.0 = Debug|Any CPU
		{A9505BBC-4A8B-4197-BC22-E1CCFCCF8C2D}.Release|Any CPU.ActiveCfg = Release|Any CPU
		{A9505BBC-4A8B-4197-BC22-E1CCFCCF8C2D}.Release|Any CPU.Build.0 = Release|Any CPU
		{99DECF9A-11C1-438B-B98A-672265F518DA}.Debug|Any CPU.ActiveCfg = Debug|Any CPU
		{99DECF9A-11C1-438B-B98A-672265F518DA}.Debug|Any CPU.Build.0 = Debug|Any CPU
		{99DECF9A-11C1-438B-B98A-672265F518DA}.Release|Any CPU.ActiveCfg = Release|Any CPU
		{99DECF9A-11C1-438B-B98A-672265F518DA}.Release|Any CPU.Build.0 = Release|Any CPU
		{B8C3C967-997B-4E20-820F-164B911E76E4}.Debug|Any CPU.ActiveCfg = Debug|Any CPU
		{B8C3C967-997B-4E20-820F-164B911E76E4}.Debug|Any CPU.Build.0 = Debug|Any CPU
		{B8C3C967-997B-4E20-820F-164B911E76E4}.Release|Any CPU.ActiveCfg = Release|Any CPU
		{B8C3C967-997B-4E20-820F-164B911E76E4}.Release|Any CPU.Build.0 = Release|Any CPU
		{B3216237-55BC-46D3-9A7B-0D44F3BA93F6}.Debug|Any CPU.ActiveCfg = Debug|Any CPU
		{B3216237-55BC-46D3-9A7B-0D44F3BA93F6}.Debug|Any CPU.Build.0 = Debug|Any CPU
		{B3216237-55BC-46D3-9A7B-0D44F3BA93F6}.Release|Any CPU.ActiveCfg = Release|Any CPU
		{B3216237-55BC-46D3-9A7B-0D44F3BA93F6}.Release|Any CPU.Build.0 = Release|Any CPU
		{1B86161B-C0D5-4BA1-9CE7-A6206EB307E4}.Debug|Any CPU.ActiveCfg = Debug|Any CPU
		{1B86161B-C0D5-4BA1-9CE7-A6206EB307E4}.Debug|Any CPU.Build.0 = Debug|Any CPU
		{1B86161B-C0D5-4BA1-9CE7-A6206EB307E4}.Release|Any CPU.ActiveCfg = Release|Any CPU
		{1B86161B-C0D5-4BA1-9CE7-A6206EB307E4}.Release|Any CPU.Build.0 = Release|Any CPU
		{7A90F0F2-4B1A-4028-A454-BB7A59D2E961}.Debug|Any CPU.ActiveCfg = Debug|Any CPU
		{7A90F0F2-4B1A-4028-A454-BB7A59D2E961}.Debug|Any CPU.Build.0 = Debug|Any CPU
		{7A90F0F2-4B1A-4028-A454-BB7A59D2E961}.Release|Any CPU.ActiveCfg = Release|Any CPU
		{7A90F0F2-4B1A-4028-A454-BB7A59D2E961}.Release|Any CPU.Build.0 = Release|Any CPU
		{7152D9FF-27B5-49A7-99C0-B16ABC3618CA}.Debug|Any CPU.ActiveCfg = Debug|Any CPU
		{7152D9FF-27B5-49A7-99C0-B16ABC3618CA}.Debug|Any CPU.Build.0 = Debug|Any CPU
		{7152D9FF-27B5-49A7-99C0-B16ABC3618CA}.Release|Any CPU.ActiveCfg = Release|Any CPU
		{7152D9FF-27B5-49A7-99C0-B16ABC3618CA}.Release|Any CPU.Build.0 = Release|Any CPU
		{4CCF8D24-F939-453D-A4D6-762A4C19A16D}.Debug|Any CPU.ActiveCfg = Debug|Any CPU
		{4CCF8D24-F939-453D-A4D6-762A4C19A16D}.Debug|Any CPU.Build.0 = Debug|Any CPU
		{4CCF8D24-F939-453D-A4D6-762A4C19A16D}.Release|Any CPU.ActiveCfg = Release|Any CPU
		{4CCF8D24-F939-453D-A4D6-762A4C19A16D}.Release|Any CPU.Build.0 = Release|Any CPU
		{34492CE3-E3CB-43BD-B368-0F4A55C8C251}.Debug|Any CPU.ActiveCfg = Debug|Any CPU
		{34492CE3-E3CB-43BD-B368-0F4A55C8C251}.Debug|Any CPU.Build.0 = Debug|Any CPU
		{34492CE3-E3CB-43BD-B368-0F4A55C8C251}.Release|Any CPU.ActiveCfg = Release|Any CPU
		{34492CE3-E3CB-43BD-B368-0F4A55C8C251}.Release|Any CPU.Build.0 = Release|Any CPU
		{D1573281-4E23-4FDC-9CD8-9AA1DD7FB282}.Debug|Any CPU.ActiveCfg = Debug|Any CPU
		{D1573281-4E23-4FDC-9CD8-9AA1DD7FB282}.Debug|Any CPU.Build.0 = Debug|Any CPU
		{D1573281-4E23-4FDC-9CD8-9AA1DD7FB282}.Release|Any CPU.ActiveCfg = Release|Any CPU
		{D1573281-4E23-4FDC-9CD8-9AA1DD7FB282}.Release|Any CPU.Build.0 = Release|Any CPU
		{2FA769AB-4F26-46F9-9350-B147AECA83B3}.Debug|Any CPU.ActiveCfg = Debug|Any CPU
		{2FA769AB-4F26-46F9-9350-B147AECA83B3}.Debug|Any CPU.Build.0 = Debug|Any CPU
		{2FA769AB-4F26-46F9-9350-B147AECA83B3}.Release|Any CPU.ActiveCfg = Release|Any CPU
		{2FA769AB-4F26-46F9-9350-B147AECA83B3}.Release|Any CPU.Build.0 = Release|Any CPU
		{54C74C50-0472-4EE7-990F-9FC364828BEA}.Debug|Any CPU.ActiveCfg = Debug|Any CPU
		{54C74C50-0472-4EE7-990F-9FC364828BEA}.Debug|Any CPU.Build.0 = Debug|Any CPU
		{54C74C50-0472-4EE7-990F-9FC364828BEA}.Release|Any CPU.ActiveCfg = Release|Any CPU
		{54C74C50-0472-4EE7-990F-9FC364828BEA}.Release|Any CPU.Build.0 = Release|Any CPU
		{202B145E-C3BB-4FFF-92C7-DAFE994E6F76}.Debug|Any CPU.ActiveCfg = Debug|Any CPU
		{202B145E-C3BB-4FFF-92C7-DAFE994E6F76}.Debug|Any CPU.Build.0 = Debug|Any CPU
		{202B145E-C3BB-4FFF-92C7-DAFE994E6F76}.Release|Any CPU.ActiveCfg = Release|Any CPU
		{202B145E-C3BB-4FFF-92C7-DAFE994E6F76}.Release|Any CPU.Build.0 = Release|Any CPU
		{B7B02E2D-11DB-4A07-92D9-9D8E216223D3}.Debug|Any CPU.ActiveCfg = Debug|Any CPU
		{B7B02E2D-11DB-4A07-92D9-9D8E216223D3}.Debug|Any CPU.Build.0 = Debug|Any CPU
		{B7B02E2D-11DB-4A07-92D9-9D8E216223D3}.Release|Any CPU.ActiveCfg = Release|Any CPU
		{B7B02E2D-11DB-4A07-92D9-9D8E216223D3}.Release|Any CPU.Build.0 = Release|Any CPU
		{C75207DF-8C28-4C0B-AC85-8704489AF020}.Debug|Any CPU.ActiveCfg = Debug|Any CPU
		{C75207DF-8C28-4C0B-AC85-8704489AF020}.Debug|Any CPU.Build.0 = Debug|Any CPU
		{C75207DF-8C28-4C0B-AC85-8704489AF020}.Release|Any CPU.ActiveCfg = Release|Any CPU
		{C75207DF-8C28-4C0B-AC85-8704489AF020}.Release|Any CPU.Build.0 = Release|Any CPU
		{85C78EA3-FC08-4EF8-A692-5BD183A81740}.Debug|Any CPU.ActiveCfg = Debug|Any CPU
		{85C78EA3-FC08-4EF8-A692-5BD183A81740}.Debug|Any CPU.Build.0 = Debug|Any CPU
		{85C78EA3-FC08-4EF8-A692-5BD183A81740}.Release|Any CPU.ActiveCfg = Release|Any CPU
		{85C78EA3-FC08-4EF8-A692-5BD183A81740}.Release|Any CPU.Build.0 = Release|Any CPU
		{D79CEE74-936E-4E74-B49C-8ED31F1E90D9}.Debug|Any CPU.ActiveCfg = Debug|Any CPU
		{D79CEE74-936E-4E74-B49C-8ED31F1E90D9}.Debug|Any CPU.Build.0 = Debug|Any CPU
		{D79CEE74-936E-4E74-B49C-8ED31F1E90D9}.Release|Any CPU.ActiveCfg = Release|Any CPU
		{D79CEE74-936E-4E74-B49C-8ED31F1E90D9}.Release|Any CPU.Build.0 = Release|Any CPU
		{4FBB8C2F-BF41-4DD2-85CD-F392BA674D29}.Debug|Any CPU.ActiveCfg = Debug|Any CPU
		{4FBB8C2F-BF41-4DD2-85CD-F392BA674D29}.Debug|Any CPU.Build.0 = Debug|Any CPU
		{4FBB8C2F-BF41-4DD2-85CD-F392BA674D29}.Release|Any CPU.ActiveCfg = Release|Any CPU
		{4FBB8C2F-BF41-4DD2-85CD-F392BA674D29}.Release|Any CPU.Build.0 = Release|Any CPU
		{AE25CE9D-3AC6-4287-B6F9-0F439BFDE76C}.Debug|Any CPU.ActiveCfg = Debug|Any CPU
		{AE25CE9D-3AC6-4287-B6F9-0F439BFDE76C}.Debug|Any CPU.Build.0 = Debug|Any CPU
		{AE25CE9D-3AC6-4287-B6F9-0F439BFDE76C}.Release|Any CPU.ActiveCfg = Release|Any CPU
		{AE25CE9D-3AC6-4287-B6F9-0F439BFDE76C}.Release|Any CPU.Build.0 = Release|Any CPU
		{4994B38F-3C64-4254-A694-9ED5E3A4D429}.Debug|Any CPU.ActiveCfg = Debug|Any CPU
		{4994B38F-3C64-4254-A694-9ED5E3A4D429}.Debug|Any CPU.Build.0 = Debug|Any CPU
		{4994B38F-3C64-4254-A694-9ED5E3A4D429}.Release|Any CPU.ActiveCfg = Release|Any CPU
		{4994B38F-3C64-4254-A694-9ED5E3A4D429}.Release|Any CPU.Build.0 = Release|Any CPU
		{AD6C44DA-988B-4197-8755-3E86F5B3F900}.Debug|Any CPU.ActiveCfg = Debug|Any CPU
		{AD6C44DA-988B-4197-8755-3E86F5B3F900}.Debug|Any CPU.Build.0 = Debug|Any CPU
		{AD6C44DA-988B-4197-8755-3E86F5B3F900}.Release|Any CPU.ActiveCfg = Release|Any CPU
		{AD6C44DA-988B-4197-8755-3E86F5B3F900}.Release|Any CPU.Build.0 = Release|Any CPU
		{E0AF4CF7-B7B0-4335-98FB-3FC99E9D5BE9}.Debug|Any CPU.ActiveCfg = Debug|Any CPU
		{E0AF4CF7-B7B0-4335-98FB-3FC99E9D5BE9}.Debug|Any CPU.Build.0 = Debug|Any CPU
		{E0AF4CF7-B7B0-4335-98FB-3FC99E9D5BE9}.Release|Any CPU.ActiveCfg = Release|Any CPU
		{E0AF4CF7-B7B0-4335-98FB-3FC99E9D5BE9}.Release|Any CPU.Build.0 = Release|Any CPU
		{AB990896-30CC-4BAD-AAEF-DF9CA6A45772}.Debug|Any CPU.ActiveCfg = Debug|Any CPU
		{AB990896-30CC-4BAD-AAEF-DF9CA6A45772}.Debug|Any CPU.Build.0 = Debug|Any CPU
		{AB990896-30CC-4BAD-AAEF-DF9CA6A45772}.Release|Any CPU.ActiveCfg = Release|Any CPU
		{AB990896-30CC-4BAD-AAEF-DF9CA6A45772}.Release|Any CPU.Build.0 = Release|Any CPU
		{745C74E7-3D2D-4FFA-A6EE-8BEDE78BD3CC}.Debug|Any CPU.ActiveCfg = Debug|Any CPU
		{745C74E7-3D2D-4FFA-A6EE-8BEDE78BD3CC}.Debug|Any CPU.Build.0 = Debug|Any CPU
		{745C74E7-3D2D-4FFA-A6EE-8BEDE78BD3CC}.Release|Any CPU.ActiveCfg = Release|Any CPU
		{745C74E7-3D2D-4FFA-A6EE-8BEDE78BD3CC}.Release|Any CPU.Build.0 = Release|Any CPU
		{5BFA4F24-9BCB-4127-AB45-FBFD5C5D5480}.Debug|Any CPU.ActiveCfg = Debug|Any CPU
		{5BFA4F24-9BCB-4127-AB45-FBFD5C5D5480}.Debug|Any CPU.Build.0 = Debug|Any CPU
		{5BFA4F24-9BCB-4127-AB45-FBFD5C5D5480}.Release|Any CPU.ActiveCfg = Release|Any CPU
		{5BFA4F24-9BCB-4127-AB45-FBFD5C5D5480}.Release|Any CPU.Build.0 = Release|Any CPU
		{DEF27E0D-8B03-47D8-B150-F14A77F2FD45}.Debug|Any CPU.ActiveCfg = Debug|Any CPU
		{DEF27E0D-8B03-47D8-B150-F14A77F2FD45}.Debug|Any CPU.Build.0 = Debug|Any CPU
		{DEF27E0D-8B03-47D8-B150-F14A77F2FD45}.Release|Any CPU.ActiveCfg = Release|Any CPU
		{DEF27E0D-8B03-47D8-B150-F14A77F2FD45}.Release|Any CPU.Build.0 = Release|Any CPU
	EndGlobalSection
	GlobalSection(SolutionProperties) = preSolution
		HideSolutionNode = FALSE
	EndGlobalSection
	GlobalSection(ExtensibilityGlobals) = postSolution
		SolutionGuid = {E701350E-2280-48F1-B63E-D71CC3E71447}
	EndGlobalSection
EndGlobal
